
Microsoft Visual Studio Solution File, Format Version 12.00
# Visual Studio Version 17
VisualStudioVersion = 17.14.36109.1
MinimumVisualStudioVersion = 10.0.40219.1
Project("{2150E333-8FDC-42A3-9474-1A3956D46DE8}") = "Services", "Services", "{02EA681E-C7D8-13C7-8484-4AC65E1B71E8}"
EndProject
Project("{2150E333-8FDC-42A3-9474-1A3956D46DE8}") = "Catalog", "Catalog", "{9DD5799F-A164-4939-9CB9-C57B3EFC7FD3}"
EndProject
Project("{FAE04EC0-301F-11D3-BF4B-00C04F79EFBC}") = "Catalog.API", "Services\Catalog\Catalog.API\Catalog.API.csproj", "{0E626686-F073-4318-A418-3DC846967A95}"
EndProject
Project("{2150E333-8FDC-42A3-9474-1A3956D46DE8}") = "BuildingBlocks", "BuildingBlocks", "{0494918A-CD94-4CD0-A5AB-1C93932365DB}"
EndProject
Project("{FAE04EC0-301F-11D3-BF4B-00C04F79EFBC}") = "BuildingBlocks", "BuildingBlocks\BuildingBlocks\BuildingBlocks.csproj", "{D4137013-D7A2-4795-8A59-19C4624B422E}"
EndProject
Project("{E53339B2-1760-4266-BCC7-CA923CBCF16C}") = "docker-compose", "docker-compose.dcproj", "{81DDED9D-158B-E303-5F62-77A2896D2A5A}"
EndProject
Project("{2150E333-8FDC-42A3-9474-1A3956D46DE8}") = "Basket", "Basket", "{F5EB1CB0-DB63-41D9-84CF-860CF7669953}"
EndProject
Project("{FAE04EC0-301F-11D3-BF4B-00C04F79EFBC}") = "Basket.API", "Services\Basket\Basket.API\Basket.API.csproj", "{917D45DE-716E-49D0-B476-73CD0456A421}"
EndProject
Project("{2150E333-8FDC-42A3-9474-1A3956D46DE8}") = "Discount", "Discount", "{238A8224-2FCE-41D8-850B-8594331689A4}"
EndProject
Project("{FAE04EC0-301F-11D3-BF4B-00C04F79EFBC}") = "Discount.Grpc", "Services\Discount\Discount.Grpc\Discount.Grpc.csproj", "{D7E47282-3674-46CE-AEFF-BF17B048BDE4}"
EndProject
Project("{2150E333-8FDC-42A3-9474-1A3956D46DE8}") = "Ordering", "Ordering", "{23FE8AEE-1F10-42B3-9322-1FEDF3CAB598}"
EndProject
Project("{FAE04EC0-301F-11D3-BF4B-00C04F79EFBC}") = "Ordering.API", "Services\Ordering\Ordering.API\Ordering.API.csproj", "{5BFA1F0D-3E3A-42B4-B15E-52DBC9719761}"
EndProject
Project("{FAE04EC0-301F-11D3-BF4B-00C04F79EFBC}") = "Ordering.Domain", "Services\Ordering\Ordering.Domain\Ordering.Domain.csproj", "{D6888548-AE99-4DB0-8FDA-E70CF99B3D8A}"
EndProject
Project("{FAE04EC0-301F-11D3-BF4B-00C04F79EFBC}") = "Ordering.Application", "Services\Ordering\Ordering.Application\Ordering.Application.csproj", "{8185E570-3604-472A-9E81-BEA8054FDB82}"
EndProject
Project("{FAE04EC0-301F-11D3-BF4B-00C04F79EFBC}") = "Ordering.Infrastructure", "Services\Ordering\Ordering.Infrastructure\Ordering.Infrastructure.csproj", "{A6891501-91B1-424B-89D9-FC2A94EB0889}"
EndProject
Global
	GlobalSection(SolutionConfigurationPlatforms) = preSolution
		Debug|Any CPU = Debug|Any CPU
		Release|Any CPU = Release|Any CPU
	EndGlobalSection
	GlobalSection(ProjectConfigurationPlatforms) = postSolution
		{0E626686-F073-4318-A418-3DC846967A95}.Debug|Any CPU.ActiveCfg = Debug|Any CPU
		{0E626686-F073-4318-A418-3DC846967A95}.Debug|Any CPU.Build.0 = Debug|Any CPU
		{0E626686-F073-4318-A418-3DC846967A95}.Release|Any CPU.ActiveCfg = Release|Any CPU
		{0E626686-F073-4318-A418-3DC846967A95}.Release|Any CPU.Build.0 = Release|Any CPU
		{D4137013-D7A2-4795-8A59-19C4624B422E}.Debug|Any CPU.ActiveCfg = Debug|Any CPU
		{D4137013-D7A2-4795-8A59-19C4624B422E}.Debug|Any CPU.Build.0 = Debug|Any CPU
		{D4137013-D7A2-4795-8A59-19C4624B422E}.Release|Any CPU.ActiveCfg = Release|Any CPU
		{D4137013-D7A2-4795-8A59-19C4624B422E}.Release|Any CPU.Build.0 = Release|Any CPU
		{81DDED9D-158B-E303-5F62-77A2896D2A5A}.Debug|Any CPU.ActiveCfg = Debug|Any CPU
		{81DDED9D-158B-E303-5F62-77A2896D2A5A}.Debug|Any CPU.Build.0 = Debug|Any CPU
		{81DDED9D-158B-E303-5F62-77A2896D2A5A}.Release|Any CPU.ActiveCfg = Release|Any CPU
		{81DDED9D-158B-E303-5F62-77A2896D2A5A}.Release|Any CPU.Build.0 = Release|Any CPU
		{917D45DE-716E-49D0-B476-73CD0456A421}.Debug|Any CPU.ActiveCfg = Debug|Any CPU
		{917D45DE-716E-49D0-B476-73CD0456A421}.Debug|Any CPU.Build.0 = Debug|Any CPU
		{917D45DE-716E-49D0-B476-73CD0456A421}.Release|Any CPU.ActiveCfg = Release|Any CPU
		{917D45DE-716E-49D0-B476-73CD0456A421}.Release|Any CPU.Build.0 = Release|Any CPU
		{D7E47282-3674-46CE-AEFF-BF17B048BDE4}.Debug|Any CPU.ActiveCfg = Debug|Any CPU
		{D7E47282-3674-46CE-AEFF-BF17B048BDE4}.Debug|Any CPU.Build.0 = Debug|Any CPU
		{D7E47282-3674-46CE-AEFF-BF17B048BDE4}.Release|Any CPU.ActiveCfg = Release|Any CPU
		{D7E47282-3674-46CE-AEFF-BF17B048BDE4}.Release|Any CPU.Build.0 = Release|Any CPU
		{5BFA1F0D-3E3A-42B4-B15E-52DBC9719761}.Debug|Any CPU.ActiveCfg = Debug|Any CPU
		{5BFA1F0D-3E3A-42B4-B15E-52DBC9719761}.Debug|Any CPU.Build.0 = Debug|Any CPU
		{5BFA1F0D-3E3A-42B4-B15E-52DBC9719761}.Release|Any CPU.ActiveCfg = Release|Any CPU
		{5BFA1F0D-3E3A-42B4-B15E-52DBC9719761}.Release|Any CPU.Build.0 = Release|Any CPU
		{D6888548-AE99-4DB0-8FDA-E70CF99B3D8A}.Debug|Any CPU.ActiveCfg = Debug|Any CPU
		{D6888548-AE99-4DB0-8FDA-E70CF99B3D8A}.Debug|Any CPU.Build.0 = Debug|Any CPU
		{D6888548-AE99-4DB0-8FDA-E70CF99B3D8A}.Release|Any CPU.ActiveCfg = Release|Any CPU
		{D6888548-AE99-4DB0-8FDA-E70CF99B3D8A}.Release|Any CPU.Build.0 = Release|Any CPU
		{8185E570-3604-472A-9E81-BEA8054FDB82}.Debug|Any CPU.ActiveCfg = Debug|Any CPU
		{8185E570-3604-472A-9E81-BEA8054FDB82}.Debug|Any CPU.Build.0 = Debug|Any CPU
		{8185E570-3604-472A-9E81-BEA8054FDB82}.Release|Any CPU.ActiveCfg = Release|Any CPU
		{8185E570-3604-472A-9E81-BEA8054FDB82}.Release|Any CPU.Build.0 = Release|Any CPU
		{A6891501-91B1-424B-89D9-FC2A94EB0889}.Debug|Any CPU.ActiveCfg = Debug|Any CPU
		{A6891501-91B1-424B-89D9-FC2A94EB0889}.Debug|Any CPU.Build.0 = Debug|Any CPU
		{A6891501-91B1-424B-89D9-FC2A94EB0889}.Release|Any CPU.ActiveCfg = Release|Any CPU
		{A6891501-91B1-424B-89D9-FC2A94EB0889}.Release|Any CPU.Build.0 = Release|Any CPU
	EndGlobalSection
	GlobalSection(SolutionProperties) = preSolution
		HideSolutionNode = FALSE
	EndGlobalSection
	GlobalSection(NestedProjects) = preSolution
		{9DD5799F-A164-4939-9CB9-C57B3EFC7FD3} = {02EA681E-C7D8-13C7-8484-4AC65E1B71E8}
		{0E626686-F073-4318-A418-3DC846967A95} = {9DD5799F-A164-4939-9CB9-C57B3EFC7FD3}
		{D4137013-D7A2-4795-8A59-19C4624B422E} = {0494918A-CD94-4CD0-A5AB-1C93932365DB}
		{F5EB1CB0-DB63-41D9-84CF-860CF7669953} = {02EA681E-C7D8-13C7-8484-4AC65E1B71E8}
		{917D45DE-716E-49D0-B476-73CD0456A421} = {F5EB1CB0-DB63-41D9-84CF-860CF7669953}
		{238A8224-2FCE-41D8-850B-8594331689A4} = {02EA681E-C7D8-13C7-8484-4AC65E1B71E8}
		{D7E47282-3674-46CE-AEFF-BF17B048BDE4} = {238A8224-2FCE-41D8-850B-8594331689A4}
		{23FE8AEE-1F10-42B3-9322-1FEDF3CAB598} = {02EA681E-C7D8-13C7-8484-4AC65E1B71E8}
		{5BFA1F0D-3E3A-42B4-B15E-52DBC9719761} = {23FE8AEE-1F10-42B3-9322-1FEDF3CAB598}
		{D6888548-AE99-4DB0-8FDA-E70CF99B3D8A} = {23FE8AEE-1F10-42B3-9322-1FEDF3CAB598}
		{8185E570-3604-472A-9E81-BEA8054FDB82} = {23FE8AEE-1F10-42B3-9322-1FEDF3CAB598}
		{A6891501-91B1-424B-89D9-FC2A94EB0889} = {23FE8AEE-1F10-42B3-9322-1FEDF3CAB598}
	EndGlobalSection
	GlobalSection(ExtensibilityGlobals) = postSolution
		SolutionGuid = {4E502639-173D-4129-8538-3BB99BA704F1}
	EndGlobalSection
EndGlobal
